
Microsoft Visual Studio Solution File, Format Version 12.00
# Visual Studio 15
VisualStudioVersion = 15.0.27428.2015
MinimumVisualStudioVersion = 10.0.40219.1
Project("{2150E333-8FDC-42A3-9474-1A3956D46DE8}") = "project", "project", "{BF60BC93-E09B-4E5F-9D85-95A519479D54}"
	ProjectSection(SolutionItems) = preProject
		README.md = README.md
		.gitattributes = .gitattributes
		.gitignore = .gitignore
		GitVersion.yml = GitVersion.yml
		.config\dotnet-tools.json = .config\dotnet-tools.json
		.editorconfig = .editorconfig
		.fantomasignore = .fantomasignore
	EndProjectSection
EndProject
Project("{F2A71F9B-5D33-465A-A702-920D77279786}") = "Core", "src\Core\Core.fsproj", "{46FF2BC5-B0FA-4B13-8945-553B0419C7CA}"
EndProject
Project("{F2A71F9B-5D33-465A-A702-920D77279786}") = "Potion", "src\Potion\Potion.fsproj", "{E9C6738E-7494-4DA9-8B51-1ADBE15C18AA}"
EndProject
Project("{F2A71F9B-5D33-465A-A702-920D77279786}") = "WebApi", "src\WebApi\WebApi.fsproj", "{8EABDD6D-8D75-4F37-B401-35FF2B37C066}"
EndProject
Project("{2150E333-8FDC-42A3-9474-1A3956D46DE8}") = "scripts", "scripts", "{03294558-DBB2-49F5-A2CE-9ECC0460AA65}"
	ProjectSection(SolutionItems) = preProject
		scripts\PersistenceQuery.fsx = scripts\PersistenceQuery.fsx
		scripts\Remoting.fsx = scripts\Remoting.fsx
		scripts\RestartingActors.fsx = scripts\RestartingActors.fsx
		scripts\Sharding.fsx = scripts\Sharding.fsx
		scripts\Unhandled.fsx = scripts\Unhandled.fsx
		scripts\WebApiLoad.fsx = scripts\WebApiLoad.fsx
		scripts\ClusterRoutingGroup.fsx = scripts\ClusterRoutingGroup.fsx
		scripts\BackoffSupervision.fsx = scripts\BackoffSupervision.fsx
		scripts\QueueConfig.fsx = scripts\QueueConfig.fsx
		scripts\SendPotionFiles.ps1 = scripts\SendPotionFiles.ps1
		scripts\FixRadioDuration.fsx = scripts\FixRadioDuration.fsx
		scripts\ClusterPersistenceQuery.fsx = scripts\ClusterPersistenceQuery.fsx
		scripts\ClusterRouting.fsx = scripts\ClusterRouting.fsx
		scripts\SmartCleanupPendingMediasets.fsx = scripts\SmartCleanupPendingMediasets.fsx
		scripts\CleanupSnapshots.fsx = scripts\CleanupSnapshots.fsx
		scripts\SendSetGeoBlock.fsx = scripts\SendSetGeoBlock.fsx
		scripts\CreateRabbitShovels.fsx = scripts\CreateRabbitShovels.fsx
	EndProjectSection
EndProject
Project("{F2A71F9B-5D33-465A-A702-920D77279786}") = "Upload", "src\Upload\Upload.fsproj", "{1BA8F28B-A1E2-4AF9-9EFE-E2B3D3B434B9}"
EndProject
Project("{2150E333-8FDC-42A3-9474-1A3956D46DE8}") = "services", "services", "{7E7A8019-B2CF-4FD2-8DA0-525FDF7B16E7}"
EndProject
Project("{F2A71F9B-5D33-465A-A702-920D77279786}") = "Ps", "src\Ps\Ps.fsproj", "{4D1DA876-9FA4-4FFA-830E-8CE0DD68F5B3}"
EndProject
Project("{2150E333-8FDC-42A3-9474-1A3956D46DE8}") = "sql", "sql", "{C1DE0B57-D7E1-4577-9C6D-5CE5F7DAC359}"
	ProjectSection(SolutionItems) = preProject
		sql\AkkaPersistence-110-112.sql = sql\AkkaPersistence-110-112.sql
		sql\AkkaPersistence-112-131.sql = sql\AkkaPersistence-112-131.sql
		sql\AkkaPersistence.sql = sql\AkkaPersistence.sql
		sql\MergeEventJournals.sql = sql\MergeEventJournals.sql
		sql\ScheduledMessages.sql = sql\ScheduledMessages.sql
		sql\MediaSetStatuses.sql = sql\MediaSetStatuses.sql
		sql\MediaSetStates.sql = sql\MediaSetStates.sql
		sql\Quartz.sql = sql\Quartz.sql
	EndProjectSection
EndProject
Project("{2150E333-8FDC-42A3-9474-1A3956D46DE8}") = "libraries", "libraries", "{02FC2ADF-97A8-42E1-A779-BB465B5D2AB6}"
EndProject
Project("{2150E333-8FDC-42A3-9474-1A3956D46DE8}") = "Git Hooks", "Git Hooks", "{E377BE62-732E-4456-97B9-3AB12E658930}"
	ProjectSection(SolutionItems) = preProject
		scripts\Git Hooks\pre-commit = scripts\Git Hooks\pre-commit
	EndProjectSection
EndProject
Project("{F2A71F9B-5D33-465A-A702-920D77279786}") = "Upload.GlobalConnect", "src\Upload.GlobalConnect\Upload.GlobalConnect.fsproj", "{874C767C-13F4-4A0C-BA88-7EBCDD2B6FB5}"
EndProject
Project("{F2A71F9B-5D33-465A-A702-920D77279786}") = "Ingesters.GlobalConnect", "src\Ingesters.GlobalConnect\Ingesters.GlobalConnect.fsproj", "{374C03B2-3857-4BDE-91E6-47E09F0409C4}"
EndProject
Project("{F2A71F9B-5D33-465A-A702-920D77279786}") = "Oddjob.Service", "src\Oddjob.Service\Oddjob.Service.fsproj", "{C78EE6CF-9D7E-4A98-BFE2-9BF1D945BB67}"
EndProject
Global
	GlobalSection(SolutionConfigurationPlatforms) = preSolution
		Debug Mono|Any CPU = Debug Mono|Any CPU
		Debug Mono|x86 = Debug Mono|x86
		Debug|Any CPU = Debug|Any CPU
		Debug|x86 = Debug|x86
		Release Mono|Any CPU = Release Mono|Any CPU
		Release Mono|x86 = Release Mono|x86
		Release|Any CPU = Release|Any CPU
		Release|x86 = Release|x86
	EndGlobalSection
	GlobalSection(ProjectConfigurationPlatforms) = postSolution
		{46FF2BC5-B0FA-4B13-8945-553B0419C7CA}.Debug Mono|Any CPU.ActiveCfg = Debug|Any CPU
		{46FF2BC5-B0FA-4B13-8945-553B0419C7CA}.Debug Mono|Any CPU.Build.0 = Debug|Any CPU
		{46FF2BC5-B0FA-4B13-8945-553B0419C7CA}.Debug Mono|x86.ActiveCfg = Debug|Any CPU
		{46FF2BC5-B0FA-4B13-8945-553B0419C7CA}.Debug Mono|x86.Build.0 = Debug|Any CPU
		{46FF2BC5-B0FA-4B13-8945-553B0419C7CA}.Debug|Any CPU.ActiveCfg = Debug|Any CPU
		{46FF2BC5-B0FA-4B13-8945-553B0419C7CA}.Debug|Any CPU.Build.0 = Debug|Any CPU
		{46FF2BC5-B0FA-4B13-8945-553B0419C7CA}.Debug|x86.ActiveCfg = Debug|Any CPU
		{46FF2BC5-B0FA-4B13-8945-553B0419C7CA}.Debug|x86.Build.0 = Debug|Any CPU
		{46FF2BC5-B0FA-4B13-8945-553B0419C7CA}.Release Mono|Any CPU.ActiveCfg = Release|Any CPU
		{46FF2BC5-B0FA-4B13-8945-553B0419C7CA}.Release Mono|Any CPU.Build.0 = Release|Any CPU
		{46FF2BC5-B0FA-4B13-8945-553B0419C7CA}.Release Mono|x86.ActiveCfg = Release|Any CPU
		{46FF2BC5-B0FA-4B13-8945-553B0419C7CA}.Release Mono|x86.Build.0 = Release|Any CPU
		{46FF2BC5-B0FA-4B13-8945-553B0419C7CA}.Release|Any CPU.ActiveCfg = Release|Any CPU
		{46FF2BC5-B0FA-4B13-8945-553B0419C7CA}.Release|Any CPU.Build.0 = Release|Any CPU
		{46FF2BC5-B0FA-4B13-8945-553B0419C7CA}.Release|x86.ActiveCfg = Release|Any CPU
		{46FF2BC5-B0FA-4B13-8945-553B0419C7CA}.Release|x86.Build.0 = Release|Any CPU
		{E9C6738E-7494-4DA9-8B51-1ADBE15C18AA}.Debug Mono|Any CPU.ActiveCfg = Debug|Any CPU
		{E9C6738E-7494-4DA9-8B51-1ADBE15C18AA}.Debug Mono|Any CPU.Build.0 = Debug|Any CPU
		{E9C6738E-7494-4DA9-8B51-1ADBE15C18AA}.Debug Mono|x86.ActiveCfg = Debug|Any CPU
		{E9C6738E-7494-4DA9-8B51-1ADBE15C18AA}.Debug Mono|x86.Build.0 = Debug|Any CPU
		{E9C6738E-7494-4DA9-8B51-1ADBE15C18AA}.Debug|Any CPU.ActiveCfg = Debug|Any CPU
		{E9C6738E-7494-4DA9-8B51-1ADBE15C18AA}.Debug|Any CPU.Build.0 = Debug|Any CPU
		{E9C6738E-7494-4DA9-8B51-1ADBE15C18AA}.Debug|x86.ActiveCfg = Debug|Any CPU
		{E9C6738E-7494-4DA9-8B51-1ADBE15C18AA}.Debug|x86.Build.0 = Debug|Any CPU
		{E9C6738E-7494-4DA9-8B51-1ADBE15C18AA}.Release Mono|Any CPU.ActiveCfg = Release|Any CPU
		{E9C6738E-7494-4DA9-8B51-1ADBE15C18AA}.Release Mono|Any CPU.Build.0 = Release|Any CPU
		{E9C6738E-7494-4DA9-8B51-1ADBE15C18AA}.Release Mono|x86.ActiveCfg = Release|Any CPU
		{E9C6738E-7494-4DA9-8B51-1ADBE15C18AA}.Release Mono|x86.Build.0 = Release|Any CPU
		{E9C6738E-7494-4DA9-8B51-1ADBE15C18AA}.Release|Any CPU.ActiveCfg = Release|Any CPU
		{E9C6738E-7494-4DA9-8B51-1ADBE15C18AA}.Release|Any CPU.Build.0 = Release|Any CPU
		{E9C6738E-7494-4DA9-8B51-1ADBE15C18AA}.Release|x86.ActiveCfg = Release|Any CPU
		{E9C6738E-7494-4DA9-8B51-1ADBE15C18AA}.Release|x86.Build.0 = Release|Any CPU
		{8EABDD6D-8D75-4F37-B401-35FF2B37C066}.Debug Mono|Any CPU.ActiveCfg = Debug|Any CPU
		{8EABDD6D-8D75-4F37-B401-35FF2B37C066}.Debug Mono|Any CPU.Build.0 = Debug|Any CPU
		{8EABDD6D-8D75-4F37-B401-35FF2B37C066}.Debug Mono|x86.ActiveCfg = Debug|Any CPU
		{8EABDD6D-8D75-4F37-B401-35FF2B37C066}.Debug Mono|x86.Build.0 = Debug|Any CPU
		{8EABDD6D-8D75-4F37-B401-35FF2B37C066}.Debug|Any CPU.ActiveCfg = Debug|Any CPU
		{8EABDD6D-8D75-4F37-B401-35FF2B37C066}.Debug|Any CPU.Build.0 = Debug|Any CPU
		{8EABDD6D-8D75-4F37-B401-35FF2B37C066}.Debug|x86.ActiveCfg = Debug|Any CPU
		{8EABDD6D-8D75-4F37-B401-35FF2B37C066}.Debug|x86.Build.0 = Debug|Any CPU
		{8EABDD6D-8D75-4F37-B401-35FF2B37C066}.Release Mono|Any CPU.ActiveCfg = Release|Any CPU
		{8EABDD6D-8D75-4F37-B401-35FF2B37C066}.Release Mono|Any CPU.Build.0 = Release|Any CPU
		{8EABDD6D-8D75-4F37-B401-35FF2B37C066}.Release Mono|x86.ActiveCfg = Release|Any CPU
		{8EABDD6D-8D75-4F37-B401-35FF2B37C066}.Release Mono|x86.Build.0 = Release|Any CPU
		{8EABDD6D-8D75-4F37-B401-35FF2B37C066}.Release|Any CPU.ActiveCfg = Release|Any CPU
		{8EABDD6D-8D75-4F37-B401-35FF2B37C066}.Release|Any CPU.Build.0 = Release|Any CPU
		{8EABDD6D-8D75-4F37-B401-35FF2B37C066}.Release|x86.ActiveCfg = Release|Any CPU
		{8EABDD6D-8D75-4F37-B401-35FF2B37C066}.Release|x86.Build.0 = Release|Any CPU
		{1BA8F28B-A1E2-4AF9-9EFE-E2B3D3B434B9}.Debug Mono|Any CPU.ActiveCfg = Debug|Any CPU
		{1BA8F28B-A1E2-4AF9-9EFE-E2B3D3B434B9}.Debug Mono|Any CPU.Build.0 = Debug|Any CPU
		{1BA8F28B-A1E2-4AF9-9EFE-E2B3D3B434B9}.Debug Mono|x86.ActiveCfg = Debug|Any CPU
		{1BA8F28B-A1E2-4AF9-9EFE-E2B3D3B434B9}.Debug Mono|x86.Build.0 = Debug|Any CPU
		{1BA8F28B-A1E2-4AF9-9EFE-E2B3D3B434B9}.Debug|Any CPU.ActiveCfg = Debug|Any CPU
		{1BA8F28B-A1E2-4AF9-9EFE-E2B3D3B434B9}.Debug|Any CPU.Build.0 = Debug|Any CPU
		{1BA8F28B-A1E2-4AF9-9EFE-E2B3D3B434B9}.Debug|x86.ActiveCfg = Debug|Any CPU
		{1BA8F28B-A1E2-4AF9-9EFE-E2B3D3B434B9}.Debug|x86.Build.0 = Debug|Any CPU
		{1BA8F28B-A1E2-4AF9-9EFE-E2B3D3B434B9}.Release Mono|Any CPU.ActiveCfg = Release|Any CPU
		{1BA8F28B-A1E2-4AF9-9EFE-E2B3D3B434B9}.Release Mono|Any CPU.Build.0 = Release|Any CPU
		{1BA8F28B-A1E2-4AF9-9EFE-E2B3D3B434B9}.Release Mono|x86.ActiveCfg = Release|Any CPU
		{1BA8F28B-A1E2-4AF9-9EFE-E2B3D3B434B9}.Release Mono|x86.Build.0 = Release|Any CPU
		{1BA8F28B-A1E2-4AF9-9EFE-E2B3D3B434B9}.Release|Any CPU.ActiveCfg = Release|Any CPU
		{1BA8F28B-A1E2-4AF9-9EFE-E2B3D3B434B9}.Release|Any CPU.Build.0 = Release|Any CPU
		{1BA8F28B-A1E2-4AF9-9EFE-E2B3D3B434B9}.Release|x86.ActiveCfg = Release|Any CPU
		{1BA8F28B-A1E2-4AF9-9EFE-E2B3D3B434B9}.Release|x86.Build.0 = Release|Any CPU
		{4D1DA876-9FA4-4FFA-830E-8CE0DD68F5B3}.Debug Mono|Any CPU.ActiveCfg = Debug|Any CPU
		{4D1DA876-9FA4-4FFA-830E-8CE0DD68F5B3}.Debug Mono|Any CPU.Build.0 = Debug|Any CPU
		{4D1DA876-9FA4-4FFA-830E-8CE0DD68F5B3}.Debug Mono|x86.ActiveCfg = Debug|Any CPU
		{4D1DA876-9FA4-4FFA-830E-8CE0DD68F5B3}.Debug Mono|x86.Build.0 = Debug|Any CPU
		{4D1DA876-9FA4-4FFA-830E-8CE0DD68F5B3}.Debug|Any CPU.ActiveCfg = Debug|Any CPU
		{4D1DA876-9FA4-4FFA-830E-8CE0DD68F5B3}.Debug|Any CPU.Build.0 = Debug|Any CPU
		{4D1DA876-9FA4-4FFA-830E-8CE0DD68F5B3}.Debug|x86.ActiveCfg = Debug|Any CPU
		{4D1DA876-9FA4-4FFA-830E-8CE0DD68F5B3}.Debug|x86.Build.0 = Debug|Any CPU
		{4D1DA876-9FA4-4FFA-830E-8CE0DD68F5B3}.Release Mono|Any CPU.ActiveCfg = Release|Any CPU
		{4D1DA876-9FA4-4FFA-830E-8CE0DD68F5B3}.Release Mono|Any CPU.Build.0 = Release|Any CPU
		{4D1DA876-9FA4-4FFA-830E-8CE0DD68F5B3}.Release Mono|x86.ActiveCfg = Release|Any CPU
		{4D1DA876-9FA4-4FFA-830E-8CE0DD68F5B3}.Release Mono|x86.Build.0 = Release|Any CPU
		{4D1DA876-9FA4-4FFA-830E-8CE0DD68F5B3}.Release|Any CPU.ActiveCfg = Release|Any CPU
		{4D1DA876-9FA4-4FFA-830E-8CE0DD68F5B3}.Release|Any CPU.Build.0 = Release|Any CPU
		{4D1DA876-9FA4-4FFA-830E-8CE0DD68F5B3}.Release|x86.ActiveCfg = Release|Any CPU
		{4D1DA876-9FA4-4FFA-830E-8CE0DD68F5B3}.Release|x86.Build.0 = Release|Any CPU
		{874C767C-13F4-4A0C-BA88-7EBCDD2B6FB5}.Debug Mono|Any CPU.ActiveCfg = Debug|Any CPU
		{874C767C-13F4-4A0C-BA88-7EBCDD2B6FB5}.Debug Mono|Any CPU.Build.0 = Debug|Any CPU
		{874C767C-13F4-4A0C-BA88-7EBCDD2B6FB5}.Debug Mono|x86.ActiveCfg = Debug|Any CPU
		{874C767C-13F4-4A0C-BA88-7EBCDD2B6FB5}.Debug Mono|x86.Build.0 = Debug|Any CPU
		{874C767C-13F4-4A0C-BA88-7EBCDD2B6FB5}.Debug|Any CPU.ActiveCfg = Debug|Any CPU
		{874C767C-13F4-4A0C-BA88-7EBCDD2B6FB5}.Debug|Any CPU.Build.0 = Debug|Any CPU
		{874C767C-13F4-4A0C-BA88-7EBCDD2B6FB5}.Debug|x86.ActiveCfg = Debug|Any CPU
		{874C767C-13F4-4A0C-BA88-7EBCDD2B6FB5}.Debug|x86.Build.0 = Debug|Any CPU
		{874C767C-13F4-4A0C-BA88-7EBCDD2B6FB5}.Release Mono|Any CPU.ActiveCfg = Debug|Any CPU
		{874C767C-13F4-4A0C-BA88-7EBCDD2B6FB5}.Release Mono|Any CPU.Build.0 = Debug|Any CPU
		{874C767C-13F4-4A0C-BA88-7EBCDD2B6FB5}.Release Mono|x86.ActiveCfg = Debug|Any CPU
		{874C767C-13F4-4A0C-BA88-7EBCDD2B6FB5}.Release Mono|x86.Build.0 = Debug|Any CPU
		{874C767C-13F4-4A0C-BA88-7EBCDD2B6FB5}.Release|Any CPU.ActiveCfg = Release|Any CPU
		{874C767C-13F4-4A0C-BA88-7EBCDD2B6FB5}.Release|Any CPU.Build.0 = Release|Any CPU
		{874C767C-13F4-4A0C-BA88-7EBCDD2B6FB5}.Release|x86.ActiveCfg = Release|Any CPU
		{874C767C-13F4-4A0C-BA88-7EBCDD2B6FB5}.Release|x86.Build.0 = Release|Any CPU
		{374C03B2-3857-4BDE-91E6-47E09F0409C4}.Debug Mono|Any CPU.ActiveCfg = Debug|Any CPU
		{374C03B2-3857-4BDE-91E6-47E09F0409C4}.Debug Mono|Any CPU.Build.0 = Debug|Any CPU
		{374C03B2-3857-4BDE-91E6-47E09F0409C4}.Debug Mono|x86.ActiveCfg = Debug|Any CPU
		{374C03B2-3857-4BDE-91E6-47E09F0409C4}.Debug Mono|x86.Build.0 = Debug|Any CPU
		{374C03B2-3857-4BDE-91E6-47E09F0409C4}.Debug|Any CPU.ActiveCfg = Debug|Any CPU
		{374C03B2-3857-4BDE-91E6-47E09F0409C4}.Debug|Any CPU.Build.0 = Debug|Any CPU
		{374C03B2-3857-4BDE-91E6-47E09F0409C4}.Debug|x86.ActiveCfg = Debug|Any CPU
		{374C03B2-3857-4BDE-91E6-47E09F0409C4}.Debug|x86.Build.0 = Debug|Any CPU
		{374C03B2-3857-4BDE-91E6-47E09F0409C4}.Release Mono|Any CPU.ActiveCfg = Debug|Any CPU
		{374C03B2-3857-4BDE-91E6-47E09F0409C4}.Release Mono|Any CPU.Build.0 = Debug|Any CPU
		{374C03B2-3857-4BDE-91E6-47E09F0409C4}.Release Mono|x86.ActiveCfg = Debug|Any CPU
		{374C03B2-3857-4BDE-91E6-47E09F0409C4}.Release Mono|x86.Build.0 = Debug|Any CPU
		{374C03B2-3857-4BDE-91E6-47E09F0409C4}.Release|Any CPU.ActiveCfg = Release|Any CPU
		{374C03B2-3857-4BDE-91E6-47E09F0409C4}.Release|Any CPU.Build.0 = Release|Any CPU
		{374C03B2-3857-4BDE-91E6-47E09F0409C4}.Release|x86.ActiveCfg = Release|Any CPU
		{374C03B2-3857-4BDE-91E6-47E09F0409C4}.Release|x86.Build.0 = Release|Any CPU
		{C78EE6CF-9D7E-4A98-BFE2-9BF1D945BB67}.Debug Mono|Any CPU.ActiveCfg = Debug|Any CPU
		{C78EE6CF-9D7E-4A98-BFE2-9BF1D945BB67}.Debug Mono|Any CPU.Build.0 = Debug|Any CPU
		{C78EE6CF-9D7E-4A98-BFE2-9BF1D945BB67}.Debug Mono|x86.ActiveCfg = Debug|Any CPU
		{C78EE6CF-9D7E-4A98-BFE2-9BF1D945BB67}.Debug Mono|x86.Build.0 = Debug|Any CPU
		{C78EE6CF-9D7E-4A98-BFE2-9BF1D945BB67}.Debug|Any CPU.ActiveCfg = Debug|Any CPU
		{C78EE6CF-9D7E-4A98-BFE2-9BF1D945BB67}.Debug|Any CPU.Build.0 = Debug|Any CPU
		{C78EE6CF-9D7E-4A98-BFE2-9BF1D945BB67}.Debug|x86.ActiveCfg = Debug|Any CPU
		{C78EE6CF-9D7E-4A98-BFE2-9BF1D945BB67}.Debug|x86.Build.0 = Debug|Any CPU
		{C78EE6CF-9D7E-4A98-BFE2-9BF1D945BB67}.Release Mono|Any CPU.ActiveCfg = Debug|Any CPU
		{C78EE6CF-9D7E-4A98-BFE2-9BF1D945BB67}.Release Mono|Any CPU.Build.0 = Debug|Any CPU
		{C78EE6CF-9D7E-4A98-BFE2-9BF1D945BB67}.Release Mono|x86.ActiveCfg = Debug|Any CPU
		{C78EE6CF-9D7E-4A98-BFE2-9BF1D945BB67}.Release Mono|x86.Build.0 = Debug|Any CPU
		{C78EE6CF-9D7E-4A98-BFE2-9BF1D945BB67}.Release|Any CPU.ActiveCfg = Release|Any CPU
		{C78EE6CF-9D7E-4A98-BFE2-9BF1D945BB67}.Release|Any CPU.Build.0 = Release|Any CPU
		{C78EE6CF-9D7E-4A98-BFE2-9BF1D945BB67}.Release|x86.ActiveCfg = Release|Any CPU
		{C78EE6CF-9D7E-4A98-BFE2-9BF1D945BB67}.Release|x86.Build.0 = Release|Any CPU
	EndGlobalSection
	GlobalSection(SolutionProperties) = preSolution
		HideSolutionNode = FALSE
	EndGlobalSection
	GlobalSection(NestedProjects) = preSolution
		{46FF2BC5-B0FA-4B13-8945-553B0419C7CA} = {02FC2ADF-97A8-42E1-A779-BB465B5D2AB6}
		{E9C6738E-7494-4DA9-8B51-1ADBE15C18AA} = {02FC2ADF-97A8-42E1-A779-BB465B5D2AB6}
		{4D1DA876-9FA4-4FFA-830E-8CE0DD68F5B3} = {02FC2ADF-97A8-42E1-A779-BB465B5D2AB6}
		{1BA8F28B-A1E2-4AF9-9EFE-E2B3D3B434B9} = {02FC2ADF-97A8-42E1-A779-BB465B5D2AB6}
		{8EABDD6D-8D75-4F37-B401-35FF2B37C066} = {02FC2ADF-97A8-42E1-A779-BB465B5D2AB6}
		{E377BE62-732E-4456-97B9-3AB12E658930} = {03294558-DBB2-49F5-A2CE-9ECC0460AA65}
		{874C767C-13F4-4A0C-BA88-7EBCDD2B6FB5} = {02FC2ADF-97A8-42E1-A779-BB465B5D2AB6}
		{374C03B2-3857-4BDE-91E6-47E09F0409C4} = {02FC2ADF-97A8-42E1-A779-BB465B5D2AB6}
		{C78EE6CF-9D7E-4A98-BFE2-9BF1D945BB67} = {7E7A8019-B2CF-4FD2-8DA0-525FDF7B16E7}
	EndGlobalSection
	GlobalSection(ExtensibilityGlobals) = postSolution
		SolutionGuid = {A1DF15E8-7E88-4792-9B41-DA1F273E221F}
	EndGlobalSection
EndGlobal
